
Microsoft Visual Studio Solution File, Format Version 12.00
# Visual Studio 14
VisualStudioVersion = 14.0.24720.0
MinimumVisualStudioVersion = 10.0.40219.1
Project("{8BC9CEB8-8B4A-11D0-8D11-00A0C91BC942}") = "Parser", "Parser\Parser.vcxproj", "{77BE9964-7862-4D05-AFF0-B42718AAE386}"
EndProject
Project("{8BC9CEB8-8B4A-11D0-8D11-00A0C91BC942}") = "ScopeStack", "ScopeStack\ScopeStack.vcxproj", "{0AE7CD6E-0797-422E-8DB9-407E517624A5}"
EndProject
Project("{8BC9CEB8-8B4A-11D0-8D11-00A0C91BC942}") = "SemiExp", "SemiExp\SemiExp.vcxproj", "{C1131546-C8AE-4A24-A866-4A28DFDB72B9}"
EndProject
Project("{8BC9CEB8-8B4A-11D0-8D11-00A0C91BC942}") = "AST", "AST\AST.vcxproj", "{80825E2C-445A-4BAF-BF4E-49E02FF1D8D8}"
EndProject
Project("{8BC9CEB8-8B4A-11D0-8D11-00A0C91BC942}") = "FileManager", "FileManager\FileManager.vcxproj", "{A6789783-39D1-49D5-AE67-56582A362BBF}"
EndProject
Project("{8BC9CEB8-8B4A-11D0-8D11-00A0C91BC942}") = "MetricAnalyzer", "MetricAnalyzer\MetricAnalyzer.vcxproj", "{9BF5002E-92AC-4536-B26E-DC36AFB2C3F9}"
EndProject
Project("{8BC9CEB8-8B4A-11D0-8D11-00A0C91BC942}") = "TestCase", "TestCase\TestCase.vcxproj", "{6CA89175-6E3B-4529-8BCF-36CEED9DEB14}"
EndProject
Project("{8BC9CEB8-8B4A-11D0-8D11-00A0C91BC942}") = "Task", "Task\Task.vcxproj", "{4A63D3A1-07ED-41EA-A694-25914AD5617D}"
EndProject
Project("{8BC9CEB8-8B4A-11D0-8D11-00A0C91BC942}") = "DependencyAnalysis", "DependencyAnalysis\DependencyAnalysis.vcxproj", "{98473910-9D2C-48E0-90B9-65AABBD9D9D3}"
EndProject
Project("{8BC9CEB8-8B4A-11D0-8D11-00A0C91BC942}") = "ParallelDependencyAnalysis", "ParallelDependencyAnalysis\ParallelDependencyAnalysis.vcxproj", "{96106726-B0D7-45DD-AA43-84EE7D7502AE}"
EndProject
Project("{8BC9CEB8-8B4A-11D0-8D11-00A0C91BC942}") = "ParallelDependencyExecutive", "ParallelDependencyExecutive\ParallelDependencyExecutive.vcxproj", "{3ED688A9-AA22-45C9-838E-87E7B8BC7203}"
EndProject
Project("{8BC9CEB8-8B4A-11D0-8D11-00A0C91BC942}") = "ThreadPool", "ThreadPool\ThreadPool.vcxproj", "{FA17C9EB-7A3F-497D-B7FD-FEE0EFF086E0}"
EndProject
Project("{8BC9CEB8-8B4A-11D0-8D11-00A0C91BC942}") = "Tokenizer", "Tokenizer\Tokenizer.vcxproj", "{C6AE03C5-212A-422C-8C89-B578CA2E8358}"
EndProject
Project("{8BC9CEB8-8B4A-11D0-8D11-00A0C91BC942}") = "TypeAnalysis", "TypeAnalysis\TypeAnalysis.vcxproj", "{2791E15C-10B5-4600-AA23-29A9CF26FB77}"
EndProject
Global
	GlobalSection(SolutionConfigurationPlatforms) = preSolution
		Debug|x64 = Debug|x64
		Debug|x86 = Debug|x86
		Release|x64 = Release|x64
		Release|x86 = Release|x86
	EndGlobalSection
	GlobalSection(ProjectConfigurationPlatforms) = postSolution
		{77BE9964-7862-4D05-AFF0-B42718AAE386}.Debug|x64.ActiveCfg = Debug|x64
		{77BE9964-7862-4D05-AFF0-B42718AAE386}.Debug|x64.Build.0 = Debug|x64
		{77BE9964-7862-4D05-AFF0-B42718AAE386}.Debug|x86.ActiveCfg = Debug|Win32
		{77BE9964-7862-4D05-AFF0-B42718AAE386}.Debug|x86.Build.0 = Debug|Win32
		{77BE9964-7862-4D05-AFF0-B42718AAE386}.Release|x64.ActiveCfg = Release|x64
		{77BE9964-7862-4D05-AFF0-B42718AAE386}.Release|x64.Build.0 = Release|x64
		{77BE9964-7862-4D05-AFF0-B42718AAE386}.Release|x86.ActiveCfg = Release|Win32
		{77BE9964-7862-4D05-AFF0-B42718AAE386}.Release|x86.Build.0 = Release|Win32
		{0AE7CD6E-0797-422E-8DB9-407E517624A5}.Debug|x64.ActiveCfg = Debug|x64
		{0AE7CD6E-0797-422E-8DB9-407E517624A5}.Debug|x64.Build.0 = Debug|x64
		{0AE7CD6E-0797-422E-8DB9-407E517624A5}.Debug|x86.ActiveCfg = Debug|Win32
		{0AE7CD6E-0797-422E-8DB9-407E517624A5}.Debug|x86.Build.0 = Debug|Win32
		{0AE7CD6E-0797-422E-8DB9-407E517624A5}.Release|x64.ActiveCfg = Release|x64
		{0AE7CD6E-0797-422E-8DB9-407E517624A5}.Release|x64.Build.0 = Release|x64
		{0AE7CD6E-0797-422E-8DB9-407E517624A5}.Release|x86.ActiveCfg = Release|Win32
		{0AE7CD6E-0797-422E-8DB9-407E517624A5}.Release|x86.Build.0 = Release|Win32
		{C1131546-C8AE-4A24-A866-4A28DFDB72B9}.Debug|x64.ActiveCfg = Debug|x64
		{C1131546-C8AE-4A24-A866-4A28DFDB72B9}.Debug|x64.Build.0 = Debug|x64
		{C1131546-C8AE-4A24-A866-4A28DFDB72B9}.Debug|x86.ActiveCfg = Debug|Win32
		{C1131546-C8AE-4A24-A866-4A28DFDB72B9}.Debug|x86.Build.0 = Debug|Win32
		{C1131546-C8AE-4A24-A866-4A28DFDB72B9}.Release|x64.ActiveCfg = Release|x64
		{C1131546-C8AE-4A24-A866-4A28DFDB72B9}.Release|x64.Build.0 = Release|x64
		{C1131546-C8AE-4A24-A866-4A28DFDB72B9}.Release|x86.ActiveCfg = Release|Win32
		{C1131546-C8AE-4A24-A866-4A28DFDB72B9}.Release|x86.Build.0 = Release|Win32
		{80825E2C-445A-4BAF-BF4E-49E02FF1D8D8}.Debug|x64.ActiveCfg = Debug|x64
		{80825E2C-445A-4BAF-BF4E-49E02FF1D8D8}.Debug|x64.Build.0 = Debug|x64
		{80825E2C-445A-4BAF-BF4E-49E02FF1D8D8}.Debug|x86.ActiveCfg = Debug|Win32
		{80825E2C-445A-4BAF-BF4E-49E02FF1D8D8}.Debug|x86.Build.0 = Debug|Win32
		{80825E2C-445A-4BAF-BF4E-49E02FF1D8D8}.Release|x64.ActiveCfg = Release|x64
		{80825E2C-445A-4BAF-BF4E-49E02FF1D8D8}.Release|x64.Build.0 = Release|x64
		{80825E2C-445A-4BAF-BF4E-49E02FF1D8D8}.Release|x86.ActiveCfg = Release|Win32
		{80825E2C-445A-4BAF-BF4E-49E02FF1D8D8}.Release|x86.Build.0 = Release|Win32
		{A6789783-39D1-49D5-AE67-56582A362BBF}.Debug|x64.ActiveCfg = Debug|x64
		{A6789783-39D1-49D5-AE67-56582A362BBF}.Debug|x64.Build.0 = Debug|x64
		{A6789783-39D1-49D5-AE67-56582A362BBF}.Debug|x86.ActiveCfg = Debug|Win32
		{A6789783-39D1-49D5-AE67-56582A362BBF}.Debug|x86.Build.0 = Debug|Win32
		{A6789783-39D1-49D5-AE67-56582A362BBF}.Release|x64.ActiveCfg = Release|x64
		{A6789783-39D1-49D5-AE67-56582A362BBF}.Release|x64.Build.0 = Release|x64
		{A6789783-39D1-49D5-AE67-56582A362BBF}.Release|x86.ActiveCfg = Release|Win32
		{A6789783-39D1-49D5-AE67-56582A362BBF}.Release|x86.Build.0 = Release|Win32
		{9BF5002E-92AC-4536-B26E-DC36AFB2C3F9}.Debug|x64.ActiveCfg = Debug|x64
		{9BF5002E-92AC-4536-B26E-DC36AFB2C3F9}.Debug|x64.Build.0 = Debug|x64
		{9BF5002E-92AC-4536-B26E-DC36AFB2C3F9}.Debug|x86.ActiveCfg = Debug|Win32
		{9BF5002E-92AC-4536-B26E-DC36AFB2C3F9}.Debug|x86.Build.0 = Debug|Win32
		{9BF5002E-92AC-4536-B26E-DC36AFB2C3F9}.Release|x64.ActiveCfg = Release|x64
		{9BF5002E-92AC-4536-B26E-DC36AFB2C3F9}.Release|x64.Build.0 = Release|x64
		{9BF5002E-92AC-4536-B26E-DC36AFB2C3F9}.Release|x86.ActiveCfg = Release|Win32
		{9BF5002E-92AC-4536-B26E-DC36AFB2C3F9}.Release|x86.Build.0 = Release|Win32
		{6CA89175-6E3B-4529-8BCF-36CEED9DEB14}.Debug|x64.ActiveCfg = Debug|x64
		{6CA89175-6E3B-4529-8BCF-36CEED9DEB14}.Debug|x64.Build.0 = Debug|x64
		{6CA89175-6E3B-4529-8BCF-36CEED9DEB14}.Debug|x86.ActiveCfg = Debug|Win32
		{6CA89175-6E3B-4529-8BCF-36CEED9DEB14}.Debug|x86.Build.0 = Debug|Win32
		{6CA89175-6E3B-4529-8BCF-36CEED9DEB14}.Release|x64.ActiveCfg = Release|x64
		{6CA89175-6E3B-4529-8BCF-36CEED9DEB14}.Release|x64.Build.0 = Release|x64
		{6CA89175-6E3B-4529-8BCF-36CEED9DEB14}.Release|x86.ActiveCfg = Release|Win32
		{6CA89175-6E3B-4529-8BCF-36CEED9DEB14}.Release|x86.Build.0 = Release|Win32
		{4A63D3A1-07ED-41EA-A694-25914AD5617D}.Debug|x64.ActiveCfg = Debug|x64
		{4A63D3A1-07ED-41EA-A694-25914AD5617D}.Debug|x64.Build.0 = Debug|x64
		{4A63D3A1-07ED-41EA-A694-25914AD5617D}.Debug|x86.ActiveCfg = Debug|Win32
		{4A63D3A1-07ED-41EA-A694-25914AD5617D}.Debug|x86.Build.0 = Debug|Win32
		{4A63D3A1-07ED-41EA-A694-25914AD5617D}.Release|x64.ActiveCfg = Release|x64
		{4A63D3A1-07ED-41EA-A694-25914AD5617D}.Release|x64.Build.0 = Release|x64
		{4A63D3A1-07ED-41EA-A694-25914AD5617D}.Release|x86.ActiveCfg = Release|Win32
		{4A63D3A1-07ED-41EA-A694-25914AD5617D}.Release|x86.Build.0 = Release|Win32
		{98473910-9D2C-48E0-90B9-65AABBD9D9D3}.Debug|x64.ActiveCfg = Debug|x64
		{98473910-9D2C-48E0-90B9-65AABBD9D9D3}.Debug|x64.Build.0 = Debug|x64
		{98473910-9D2C-48E0-90B9-65AABBD9D9D3}.Debug|x86.ActiveCfg = Debug|Win32
		{98473910-9D2C-48E0-90B9-65AABBD9D9D3}.Debug|x86.Build.0 = Debug|Win32
		{98473910-9D2C-48E0-90B9-65AABBD9D9D3}.Release|x64.ActiveCfg = Release|x64
		{98473910-9D2C-48E0-90B9-65AABBD9D9D3}.Release|x64.Build.0 = Release|x64
		{98473910-9D2C-48E0-90B9-65AABBD9D9D3}.Release|x86.ActiveCfg = Release|Win32
		{98473910-9D2C-48E0-90B9-65AABBD9D9D3}.Release|x86.Build.0 = Release|Win32
		{96106726-B0D7-45DD-AA43-84EE7D7502AE}.Debug|x64.ActiveCfg = Debug|x64
		{96106726-B0D7-45DD-AA43-84EE7D7502AE}.Debug|x64.Build.0 = Debug|x64
		{96106726-B0D7-45DD-AA43-84EE7D7502AE}.Debug|x86.ActiveCfg = Debug|Win32
		{96106726-B0D7-45DD-AA43-84EE7D7502AE}.Debug|x86.Build.0 = Debug|Win32
		{96106726-B0D7-45DD-AA43-84EE7D7502AE}.Release|x64.ActiveCfg = Release|x64
		{96106726-B0D7-45DD-AA43-84EE7D7502AE}.Release|x64.Build.0 = Release|x64
		{96106726-B0D7-45DD-AA43-84EE7D7502AE}.Release|x86.ActiveCfg = Release|Win32
		{96106726-B0D7-45DD-AA43-84EE7D7502AE}.Release|x86.Build.0 = Release|Win32
		{3ED688A9-AA22-45C9-838E-87E7B8BC7203}.Debug|x64.ActiveCfg = Debug|x64
		{3ED688A9-AA22-45C9-838E-87E7B8BC7203}.Debug|x64.Build.0 = Debug|x64
		{3ED688A9-AA22-45C9-838E-87E7B8BC7203}.Debug|x86.ActiveCfg = Debug|Win32
		{3ED688A9-AA22-45C9-838E-87E7B8BC7203}.Debug|x86.Build.0 = Debug|Win32
		{3ED688A9-AA22-45C9-838E-87E7B8BC7203}.Release|x64.ActiveCfg = Release|x64
		{3ED688A9-AA22-45C9-838E-87E7B8BC7203}.Release|x64.Build.0 = Release|x64
		{3ED688A9-AA22-45C9-838E-87E7B8BC7203}.Release|x86.ActiveCfg = Release|Win32
		{3ED688A9-AA22-45C9-838E-87E7B8BC7203}.Release|x86.Build.0 = Release|Win32
		{FA17C9EB-7A3F-497D-B7FD-FEE0EFF086E0}.Debug|x64.ActiveCfg = Debug|x64
		{FA17C9EB-7A3F-497D-B7FD-FEE0EFF086E0}.Debug|x64.Build.0 = Debug|x64
		{FA17C9EB-7A3F-497D-B7FD-FEE0EFF086E0}.Debug|x86.ActiveCfg = Debug|Win32
		{FA17C9EB-7A3F-497D-B7FD-FEE0EFF086E0}.Debug|x86.Build.0 = Debug|Win32
		{FA17C9EB-7A3F-497D-B7FD-FEE0EFF086E0}.Release|x64.ActiveCfg = Release|x64
		{FA17C9EB-7A3F-497D-B7FD-FEE0EFF086E0}.Release|x64.Build.0 = Release|x64
		{FA17C9EB-7A3F-497D-B7FD-FEE0EFF086E0}.Release|x86.ActiveCfg = Release|Win32
		{FA17C9EB-7A3F-497D-B7FD-FEE0EFF086E0}.Release|x86.Build.0 = Release|Win32
		{C6AE03C5-212A-422C-8C89-B578CA2E8358}.Debug|x64.ActiveCfg = Debug|x64
		{C6AE03C5-212A-422C-8C89-B578CA2E8358}.Debug|x64.Build.0 = Debug|x64
		{C6AE03C5-212A-422C-8C89-B578CA2E8358}.Debug|x86.ActiveCfg = Debug|Win32
		{C6AE03C5-212A-422C-8C89-B578CA2E8358}.Debug|x86.Build.0 = Debug|Win32
		{C6AE03C5-212A-422C-8C89-B578CA2E8358}.Release|x64.ActiveCfg = Release|x64
		{C6AE03C5-212A-422C-8C89-B578CA2E8358}.Release|x64.Build.0 = Release|x64
		{C6AE03C5-212A-422C-8C89-B578CA2E8358}.Release|x86.ActiveCfg = Release|Win32
		{C6AE03C5-212A-422C-8C89-B578CA2E8358}.Release|x86.Build.0 = Release|Win32
		{2791E15C-10B5-4600-AA23-29A9CF26FB77}.Debug|x64.ActiveCfg = Debug|x64
		{2791E15C-10B5-4600-AA23-29A9CF26FB77}.Debug|x64.Build.0 = Debug|x64
		{2791E15C-10B5-4600-AA23-29A9CF26FB77}.Debug|x86.ActiveCfg = Debug|Win32
		{2791E15C-10B5-4600-AA23-29A9CF26FB77}.Debug|x86.Build.0 = Debug|Win32
		{2791E15C-10B5-4600-AA23-29A9CF26FB77}.Release|x64.ActiveCfg = Release|x64
		{2791E15C-10B5-4600-AA23-29A9CF26FB77}.Release|x64.Build.0 = Release|x64
		{2791E15C-10B5-4600-AA23-29A9CF26FB77}.Release|x86.ActiveCfg = Release|Win32
		{2791E15C-10B5-4600-AA23-29A9CF26FB77}.Release|x86.Build.0 = Release|Win32
	EndGlobalSection
	GlobalSection(SolutionProperties) = preSolution
		HideSolutionNode = FALSE
	EndGlobalSection
EndGlobal
